
Microsoft Visual Studio Solution File, Format Version 12.00
# Visual Studio Version 17
VisualStudioVersion = 17.11.35327.3
MinimumVisualStudioVersion = 10.0.40219.1
Project("{FAE04EC0-301F-11D3-BF4B-00C04F79EFBC}") = "ConsoleApp2", "ConsoleApp2.csproj", "{6E487C78-DBFE-4FC3-9F14-492E73C11E3F}"
EndProject
Global
	GlobalSection(SolutionConfigurationPlatforms) = preSolution
		Debug|Any CPU = Debug|Any CPU
		Release|Any CPU = Release|Any CPU
	EndGlobalSection
	GlobalSection(ProjectConfigurationPlatforms) = postSolution
		{6E487C78-DBFE-4FC3-9F14-492E73C11E3F}.Debug|Any CPU.ActiveCfg = Debug|Any CPU
		{6E487C78-DBFE-4FC3-9F14-492E73C11E3F}.Debug|Any CPU.Build.0 = Debug|Any CPU
		{6E487C78-DBFE-4FC3-9F14-492E73C11E3F}.Release|Any CPU.ActiveCfg = Release|Any CPU
		{6E487C78-DBFE-4FC3-9F14-492E73C11E3F}.Release|Any CPU.Build.0 = Release|Any CPU
	EndGlobalSection
	GlobalSection(SolutionProperties) = preSolution
		HideSolutionNode = FALSE
	EndGlobalSection
	GlobalSection(ExtensibilityGlobals) = postSolution
		SolutionGuid = {E8E323B8-645A-4001-9414-714D6FCC2359}
	EndGlobalSection
EndGlobal
